
Microsoft Visual Studio Solution File, Format Version 12.00
# Visual Studio Version 17
VisualStudioVersion = 17.14.36414.22 d17.14
MinimumVisualStudioVersion = 10.0.40219.1
Project("{FAE04EC0-301F-11D3-BF4B-00C04F79EFBC}") = "DemoScoreApp", "DemoScoreApp\DemoScoreApp.csproj", "{8D3FA989-D355-442B-96A5-A414D3917EA6}"
EndProject
Global
	GlobalSection(SolutionConfigurationPlatforms) = preSolution
		Debug|Any CPU = Debug|Any CPU
		Release|Any CPU = Release|Any CPU
	EndGlobalSection
	GlobalSection(ProjectConfigurationPlatforms) = postSolution
		{8D3FA989-D355-442B-96A5-A414D3917EA6}.Debug|Any CPU.ActiveCfg = Debug|Any CPU
		{8D3FA989-D355-442B-96A5-A414D3917EA6}.Debug|Any CPU.Build.0 = Debug|Any CPU
		{8D3FA989-D355-442B-96A5-A414D3917EA6}.Release|Any CPU.ActiveCfg = Release|Any CPU
		{8D3FA989-D355-442B-96A5-A414D3917EA6}.Release|Any CPU.Build.0 = Release|Any CPU
	EndGlobalSection
	GlobalSection(SolutionProperties) = preSolution
		HideSolutionNode = FALSE
	EndGlobalSection
	GlobalSection(ExtensibilityGlobals) = postSolution
		SolutionGuid = {B325C9A5-2201-4B8D-A5AC-57B66FAC27D3}
	EndGlobalSection
EndGlobal
